
Microsoft Visual Studio Solution File, Format Version 12.00
# Visual Studio Version 16
VisualStudioVersion = 16.0.29102.190
MinimumVisualStudioVersion = 10.0.40219.1
Project("{888888A0-9F3D-457C-B088-3A5042F75D52}") = "FRIV", "FRIV.pyproj", "{02CB6B47-4D1A-46B1-8E84-2C0C573FE82C}"
EndProject
Global
	GlobalSection(SolutionConfigurationPlatforms) = preSolution
		Debug|Any CPU = Debug|Any CPU
		Release|Any CPU = Release|Any CPU
	EndGlobalSection
	GlobalSection(ProjectConfigurationPlatforms) = postSolution
		{02CB6B47-4D1A-46B1-8E84-2C0C573FE82C}.Debug|Any CPU.ActiveCfg = Debug|Any CPU
		{02CB6B47-4D1A-46B1-8E84-2C0C573FE82C}.Debug|Any CPU.Build.0 = Debug|Any CPU
		{02CB6B47-4D1A-46B1-8E84-2C0C573FE82C}.Release|Any CPU.ActiveCfg = Release|Any CPU
		{02CB6B47-4D1A-46B1-8E84-2C0C573FE82C}.Release|Any CPU.Build.0 = Release|Any CPU
	EndGlobalSection
	GlobalSection(SolutionProperties) = preSolution
		HideSolutionNode = FALSE
	EndGlobalSection
	GlobalSection(ExtensibilityGlobals) = postSolution
		SolutionGuid = {4616A485-DFDA-43E3-85F6-A682E5240F21}
	EndGlobalSection
EndGlobal
